
Microsoft Visual Studio Solution File, Format Version 12.00
# Visual Studio Version 16
VisualStudioVersion = 16.0.28621.142
MinimumVisualStudioVersion = 10.0.40219.1
Project("{9A19103F-16F7-4668-BE54-9A1E7A4F7556}") = "Transmogrify.Data", "Transmogrify.Data\Transmogrify.Data.csproj", "{6D7B0481-AA57-46B3-949F-D1A70FC44836}"
EndProject
Project("{9A19103F-16F7-4668-BE54-9A1E7A4F7556}") = "Transmogrify.Tests", "Transmogrify.Tests\Transmogrify.Tests.csproj", "{E8EF9319-2BA7-45A6-8951-973641F35299}"
EndProject
Project("{9A19103F-16F7-4668-BE54-9A1E7A4F7556}") = "Transmogrify.Operations", "Transmogrify.Operations\Transmogrify.Operations.csproj", "{7FBFA524-76C5-4753-87E2-9725E613BF42}"
EndProject
Project("{9A19103F-16F7-4668-BE54-9A1E7A4F7556}") = "Transmogrify.Engine", "Transmogrify.Engine\Transmogrify.Engine.csproj", "{1B3CF15C-5961-4086-BC12-2CBB35B583DF}"
EndProject
Project("{9A19103F-16F7-4668-BE54-9A1E7A4F7556}") = "Transmogrify.Runner", "Transmogrify.Runner\Transmogrify.Runner.csproj", "{FB49B09B-0CCA-4D0E-A10E-E179FC436F76}"
EndProject
Project("{FAE04EC0-301F-11D3-BF4B-00C04F79EFBC}") = "Transmogrify", "Transmogrify\Transmogrify.csproj", "{41FE5051-A04B-4C81-82C5-90C788A0327C}"
EndProject
Global
	GlobalSection(SolutionConfigurationPlatforms) = preSolution
		Debug|Any CPU = Debug|Any CPU
		Release|Any CPU = Release|Any CPU
	EndGlobalSection
	GlobalSection(ProjectConfigurationPlatforms) = postSolution
		{6D7B0481-AA57-46B3-949F-D1A70FC44836}.Debug|Any CPU.ActiveCfg = Debug|Any CPU
		{6D7B0481-AA57-46B3-949F-D1A70FC44836}.Debug|Any CPU.Build.0 = Debug|Any CPU
		{6D7B0481-AA57-46B3-949F-D1A70FC44836}.Release|Any CPU.ActiveCfg = Release|Any CPU
		{6D7B0481-AA57-46B3-949F-D1A70FC44836}.Release|Any CPU.Build.0 = Release|Any CPU
		{E8EF9319-2BA7-45A6-8951-973641F35299}.Debug|Any CPU.ActiveCfg = Debug|Any CPU
		{E8EF9319-2BA7-45A6-8951-973641F35299}.Debug|Any CPU.Build.0 = Debug|Any CPU
		{E8EF9319-2BA7-45A6-8951-973641F35299}.Release|Any CPU.ActiveCfg = Release|Any CPU
		{E8EF9319-2BA7-45A6-8951-973641F35299}.Release|Any CPU.Build.0 = Release|Any CPU
		{7FBFA524-76C5-4753-87E2-9725E613BF42}.Debug|Any CPU.ActiveCfg = Debug|Any CPU
		{7FBFA524-76C5-4753-87E2-9725E613BF42}.Debug|Any CPU.Build.0 = Debug|Any CPU
		{7FBFA524-76C5-4753-87E2-9725E613BF42}.Release|Any CPU.ActiveCfg = Release|Any CPU
		{7FBFA524-76C5-4753-87E2-9725E613BF42}.Release|Any CPU.Build.0 = Release|Any CPU
		{1B3CF15C-5961-4086-BC12-2CBB35B583DF}.Debug|Any CPU.ActiveCfg = Debug|Any CPU
		{1B3CF15C-5961-4086-BC12-2CBB35B583DF}.Debug|Any CPU.Build.0 = Debug|Any CPU
		{1B3CF15C-5961-4086-BC12-2CBB35B583DF}.Release|Any CPU.ActiveCfg = Release|Any CPU
		{1B3CF15C-5961-4086-BC12-2CBB35B583DF}.Release|Any CPU.Build.0 = Release|Any CPU
		{FB49B09B-0CCA-4D0E-A10E-E179FC436F76}.Debug|Any CPU.ActiveCfg = Debug|Any CPU
		{FB49B09B-0CCA-4D0E-A10E-E179FC436F76}.Debug|Any CPU.Build.0 = Debug|Any CPU
		{FB49B09B-0CCA-4D0E-A10E-E179FC436F76}.Release|Any CPU.ActiveCfg = Release|Any CPU
		{FB49B09B-0CCA-4D0E-A10E-E179FC436F76}.Release|Any CPU.Build.0 = Release|Any CPU
		{41FE5051-A04B-4C81-82C5-90C788A0327C}.Debug|Any CPU.ActiveCfg = Debug|Any CPU
		{41FE5051-A04B-4C81-82C5-90C788A0327C}.Debug|Any CPU.Build.0 = Debug|Any CPU
		{41FE5051-A04B-4C81-82C5-90C788A0327C}.Release|Any CPU.ActiveCfg = Release|Any CPU
		{41FE5051-A04B-4C81-82C5-90C788A0327C}.Release|Any CPU.Build.0 = Release|Any CPU
	EndGlobalSection
	GlobalSection(SolutionProperties) = preSolution
		HideSolutionNode = FALSE
	EndGlobalSection
	GlobalSection(ExtensibilityGlobals) = postSolution
		SolutionGuid = {4A1DE98E-C94A-471C-8756-30668D3454BC}
	EndGlobalSection
EndGlobal
